
Microsoft Visual Studio Solution File, Format Version 12.00
# Visual Studio Version 16
VisualStudioVersion = 16.0.31515.178
MinimumVisualStudioVersion = 10.0.40219.1
Project("{FAE04EC0-301F-11D3-BF4B-00C04F79EFBC}") = "MusicAPI", "MusicAPI\MusicAPI.csproj", "{005E08BC-4DC5-4A91-AEBF-987E91607F7D}"
EndProject
Global
	GlobalSection(SolutionConfigurationPlatforms) = preSolution
		Debug|Any CPU = Debug|Any CPU
		Release|Any CPU = Release|Any CPU
	EndGlobalSection
	GlobalSection(ProjectConfigurationPlatforms) = postSolution
		{005E08BC-4DC5-4A91-AEBF-987E91607F7D}.Debug|Any CPU.ActiveCfg = Debug|Any CPU
		{005E08BC-4DC5-4A91-AEBF-987E91607F7D}.Debug|Any CPU.Build.0 = Debug|Any CPU
		{005E08BC-4DC5-4A91-AEBF-987E91607F7D}.Release|Any CPU.ActiveCfg = Release|Any CPU
		{005E08BC-4DC5-4A91-AEBF-987E91607F7D}.Release|Any CPU.Build.0 = Release|Any CPU
	EndGlobalSection
	GlobalSection(SolutionProperties) = preSolution
		HideSolutionNode = FALSE
	EndGlobalSection
	GlobalSection(ExtensibilityGlobals) = postSolution
		SolutionGuid = {6F4CB21E-A438-469A-9690-CB4E61B6790C}
	EndGlobalSection
EndGlobal
